<?xml version="1.0" encoding="utf-8"?>
<Project ToolsVersion="4.0" xmlns="http://schemas.microsoft.com/developer/msbuild/2003">
  <ItemGroup>
    <Filter Include="Source Files">
      <UniqueIdentifier>{4FC737F1-C7A5-4376-A066-2A32D752A2FF}</UniqueIdentifier>
      <Extensions>cpp;c;cc;cxx;def;odl;idl;hpj;bat;asm;asmx</Extensions>
    </Filter>
    <Filter Include="Header Files">
      <UniqueIdentifier>{93995380-89BD-4b04-88EB-625FBE52EBFB}</UniqueIdentifier>
      <Extensions>h;hpp;hxx;hm;inl;inc;xsd</Extensions>
    </Filter>
    <Filter Include="Resource Files">
      <UniqueIdentifier>{67DA6AB6-F800-4c08-8B7A-83BB121AAD01}</UniqueIdentifier>
      <Extensions>rc;ico;cur;bmp;dlg;rc2;rct;bin;rgs;gif;jpg;jpeg;jpe;resx;tiff;tif;png;wav;mfcribbon-ms</Extensions>
    </Filter>
    <Filter Include="Objects">
      <UniqueIdentifier>{cbadd0c4-99ef-4109-b26e-53c02d57ddf8}</UniqueIdentifier>
    </Filter>
    <Filter Include="GLFW">
      <UniqueIdentifier>{8d83cf06-f2d3-4e2b-85f4-4c2bfb88e9b1}</UniqueIdentifier>
    </Filter>
    <Filter Include="Scenes">
      <UniqueIdentifier>{c7889c06-a64b-4e03-ba91-3af9827f05df}</UniqueIdentifier>
    </Filter>
  </ItemGroup>
  <ItemGroup>
    <ClCompile Include="main.cpp">
      <Filter>Source Files</Filter>
    </ClCompile>
    <ClCompile Include="edgeom.cpp">
      <Filter>Resource Files</Filter>
    </ClCompile>
    <ClCompile Include="geometricObjects.cpp">
      <Filter>Resource Files</Filter>
    </ClCompile>
    <ClCompile Include="player.cpp">
      <Filter>Objects</Filter>
    </ClCompile>
    <ClCompile Include="GLFWWrapper.cpp">
      <Filter>GLFW</Filter>
    </ClCompile>
    <ClCompile Include="scenario.cpp">
      <Filter>Objects</Filter>
    </ClCompile>
    <ClCompile Include="edcamera.cpp">
      <Filter>Objects</Filter>
    </ClCompile>
    <ClCompile Include="cannonsScene.cpp">
      <Filter>Scenes</Filter>
    </ClCompile>
    <ClCompile Include="specialObjects.cpp">
      <Filter>Resource Files</Filter>
    </ClCompile>
    <ClCompile Include="transformScene.cpp">
      <Filter>Scenes</Filter>
    </ClCompile>
    <ClCompile Include="kickingScene.cpp">
      <Filter>Scenes</Filter>
    </ClCompile>
    <ClCompile Include="cameraScene.cpp">
      <Filter>Scenes</Filter>
    </ClCompile>
    <ClCompile Include="edobjreader.cpp">
      <Filter>Resource Files</Filter>
    </ClCompile>
    <ClCompile Include="loadObjScene.cpp">
      <Filter>Scenes</Filter>
    </ClCompile>
    <ClCompile Include="edmesh.cpp">
      <Filter>Resource Files</Filter>
    </ClCompile>
    <ClCompile Include="standLuxorScene.cpp">
      <Filter>Scenes</Filter>
    </ClCompile>
    <ClCompile Include="kickingLamp.cpp">
      <Filter>Scenes</Filter>
    </ClCompile>
    <ClCompile Include="edgroupedmesh.cpp">
      <Filter>Resource Files</Filter>
    </ClCompile>
    <ClCompile Include="articulatedLuxorScene.cpp">
      <Filter>Scenes</Filter>
    </ClCompile>
    <ClCompile Include="trinityScene.cpp">
      <Filter>Scenes</Filter>
    </ClCompile>
    <ClCompile Include="neoMatrixScene.cpp">
      <Filter>Scenes</Filter>
    </ClCompile>
  </ItemGroup>
  <ItemGroup>
    <ClInclude Include="edgeom.h">
      <Filter>Header Files</Filter>
    </ClInclude>
    <ClInclude Include="player.h">
      <Filter>Objects</Filter>
    </ClInclude>
    <ClInclude Include="geometricObjects.h">
      <Filter>Header Files</Filter>
    </ClInclude>
    <ClInclude Include="GLFWWrapper.h">
      <Filter>GLFW</Filter>
    </ClInclude>
    <ClInclude Include="scenario.h">
      <Filter>Objects</Filter>
    </ClInclude>
    <ClInclude Include="edcamera.h">
      <Filter>Objects</Filter>
    </ClInclude>
    <ClInclude Include="cannonsScene.h">
      <Filter>Scenes</Filter>
    </ClInclude>
    <ClInclude Include="scene.h">
      <Filter>Scenes</Filter>
    </ClInclude>
    <ClInclude Include="specialObjects.h">
      <Filter>Header Files</Filter>
    </ClInclude>
    <ClInclude Include="transformScene.h">
      <Filter>Scenes</Filter>
    </ClInclude>
    <ClInclude Include="kickingScene.h">
      <Filter>Scenes</Filter>
    </ClInclude>
    <ClInclude Include="cameraScene.h">
      <Filter>Scenes</Filter>
    </ClInclude>
    <ClInclude Include="edobjreader.h">
      <Filter>Header Files</Filter>
    </ClInclude>
    <ClInclude Include="edmesh.h">
      <Filter>Header Files</Filter>
    </ClInclude>
    <ClInclude Include="loadObjScene.h">
      <Filter>Scenes</Filter>
    </ClInclude>
    <ClInclude Include="standLuxorScene.h">
      <Filter>Scenes</Filter>
    </ClInclude>
    <ClInclude Include="kickingLamp.h">
      <Filter>Scenes</Filter>
    </ClInclude>
    <ClInclude Include="edgroupedmesh.h">
      <Filter>Header Files</Filter>
    </ClInclude>
    <ClInclude Include="articulatedLuxorScene.h">
      <Filter>Scenes</Filter>
    </ClInclude>
    <ClInclude Include="trinityScene.h">
      <Filter>Scenes</Filter>
    </ClInclude>
    <ClInclude Include="neoMatrixScene.h">
      <Filter>Scenes</Filter>
    </ClInclude>
  </ItemGroup>
</Project>